
Microsoft Visual Studio Solution File, Format Version 12.00
# Visual Studio 14
VisualStudioVersion = 14.0.25420.1
MinimumVisualStudioVersion = 10.0.40219.1
Project("{FAE04EC0-301F-11D3-BF4B-00C04F79EFBC}") = "STM.Common", "STM.Common\STM.Common\STM.Common.csproj", "{5CE1DBAD-2553-4C59-A5C1-0E3940AA6109}"
EndProject
Project("{FAE04EC0-301F-11D3-BF4B-00C04F79EFBC}") = "STM.Common.Schema", "STM.Common\STM.Common.Schema\STM.Common.Schema.csproj", "{76BC6A43-2B1C-4E05-A6BD-4668AE570970}"
EndProject
Project("{FAE04EC0-301F-11D3-BF4B-00C04F79EFBC}") = "STM.VIS.Services.Private", "STM.VIS\STM.VIS.Services.Private\STM.VIS.Services.Private.csproj", "{CD690583-EA35-47A2-9937-82F90C77A8DF}"
EndProject
Project("{2150E333-8FDC-42A3-9474-1A3956D46DE8}") = "STM.StmModule", "STM.StmModule", "{3FE35BE1-659A-4FE9-8AF1-B827CF6A6F19}"
EndProject
Project("{FAE04EC0-301F-11D3-BF4B-00C04F79EFBC}") = "STM.VIS.Services.Public", "STM.VIS\STM.VIS.Services.Public\STM.VIS.Services.Public.csproj", "{090C2CB0-D535-431E-BE92-12AAD33E17B2}"
EndProject
Project("{FAE04EC0-301F-11D3-BF4B-00C04F79EFBC}") = "STM.SSC.Internal", "STM.SSC\STM.SSC.Internal\STM.SSC.Internal.csproj", "{AC1060D4-3E1A-40BE-89C4-4FBB54729CA3}"
EndProject
Project("{FAE04EC0-301F-11D3-BF4B-00C04F79EFBC}") = "STM.StmModule.Simulator", "STM.StmModule\STM.StmModule.Simulator.csproj", "{CB5E1D9A-505F-47E7-9E52-5CC6C334CCEC}"
EndProject
Project("{CC5FD16D-436D-48AD-A40C-5A424C6E3E79}") = "STM.VIS.Azure", "STM.VIS.Azure\STM.VIS.Azure.ccproj", "{1EFC26B1-7503-4D69-958D-A52F49F0BB23}"
EndProject
Project("{2150E333-8FDC-42A3-9474-1A3956D46DE8}") = "STM.SSC", "STM.SSC", "{F3D05849-8996-405A-BB38-5C41A16E4C1A}"
EndProject
Project("{FAE04EC0-301F-11D3-BF4B-00C04F79EFBC}") = "EfEnumToLookup", "STM.Common\EnumToLookup\EfEnumToLookup.csproj", "{E6D4F1FB-D017-4BE2-AD13-90153BF479B1}"
EndProject
Project("{2150E333-8FDC-42A3-9474-1A3956D46DE8}") = "STM.VIS", "STM.VIS", "{FE99670C-9968-4FAD-B6F9-95234696614C}"
EndProject
Project("{2150E333-8FDC-42A3-9474-1A3956D46DE8}") = "STM.SPIS", "STM.SPIS", "{E24760FF-AE5E-4E83-8A9B-C6B53EEEEDD1}"
EndProject
Project("{2150E333-8FDC-42A3-9474-1A3956D46DE8}") = "STM.Common", "STM.Common", "{4BE947FB-99B1-4945-A131-0037DF5EC671}"
EndProject
Project("{FAE04EC0-301F-11D3-BF4B-00C04F79EFBC}") = "STM.SPIS.Services.Public", "STM.SPIS\STM.SPIS.Services.Public\STM.SPIS.Services.Public.csproj", "{DFF9110A-83B1-47E2-B3B4-D7CDC3D1D43A}"
EndProject
Project("{FAE04EC0-301F-11D3-BF4B-00C04F79EFBC}") = "STM.SPIS.Services.Private", "STM.SPIS\STM.SPIS.Services.Private\STM.SPIS.Services.Private.csproj", "{05809BBC-45D5-4F3A-9BA7-4828CBC232ED}"
EndProject
Project("{FAE04EC0-301F-11D3-BF4B-00C04F79EFBC}") = "STM.SPIS.PollingQueueWorker", "STM.SPIS\STM.SPIS.PollingQueueWorker\STM.SPIS.PollingQueueWorker.csproj", "{4654BFE3-9C7A-4CC5-891E-92487D80739C}"
EndProject
Project("{FAE04EC0-301F-11D3-BF4B-00C04F79EFBC}") = "STM.Common.DataAccess", "STM.Common\STM.Common.DataAccess\STM.Common.DataAccess.csproj", "{9BEF3034-07FB-40EA-A1D3-AD89423715D6}"
EndProject
Project("{FAE04EC0-301F-11D3-BF4B-00C04F79EFBC}") = "STM.Common.Services", "STM.Common\STM.Common.Service\STM.Common.Services.csproj", "{8294E563-5CFD-45BE-B34B-7AEE1038F858}"
EndProject
Project("{FAE04EC0-301F-11D3-BF4B-00C04F79EFBC}") = "STM.Common.Services.Internal", "STM.Common\STM.Common.Services.Internal\STM.Common.Services.Internal.csproj", "{3826EB17-93DC-4F03-99D0-F1263DFA9884}"
EndProject
Project("{FAE04EC0-301F-11D3-BF4B-00C04F79EFBC}") = "STM.Common.Services.Internal.Interfaces", "STM.Common\STM.Common.Services.Internal.Interfaces\STM.Common.Services.Internal.Interfaces.csproj", "{DBDCD7C2-D8E7-4B38-B718-33937AB2DEAD}"
EndProject
Project("{CC5FD16D-436D-48AD-A40C-5A424C6E3E79}") = "STM.SPIS.Azure", "STM.SPIS.Azure\STM.SPIS.Azure.ccproj", "{6A30ACAA-CBEB-4713-8773-EC600154E8AE}"
EndProject
Project("{2150E333-8FDC-42A3-9474-1A3956D46DE8}") = "STM.Tools", "STM.Tools", "{78866771-60FB-4900-8CDA-475186A26DB2}"
EndProject
Project("{FAE04EC0-301F-11D3-BF4B-00C04F79EFBC}") = "STM.Tools.InstanceConfigurator", "STM.Tools\STM.Tools.InstanceConfigurator\STM.Tools.InstanceConfigurator.csproj", "{59F5D562-11CA-43FA-A418-A80F4350F18B}"
EndProject
Global
	GlobalSection(SolutionConfigurationPlatforms) = preSolution
		Debug|Any CPU = Debug|Any CPU
		Debug|ARM = Debug|ARM
		Debug|x64 = Debug|x64
		Debug|x86 = Debug|x86
		Release|Any CPU = Release|Any CPU
		Release|ARM = Release|ARM
		Release|x64 = Release|x64
		Release|x86 = Release|x86
	EndGlobalSection
	GlobalSection(ProjectConfigurationPlatforms) = postSolution
		{5CE1DBAD-2553-4C59-A5C1-0E3940AA6109}.Debug|Any CPU.ActiveCfg = Debug|Any CPU
		{5CE1DBAD-2553-4C59-A5C1-0E3940AA6109}.Debug|Any CPU.Build.0 = Debug|Any CPU
		{5CE1DBAD-2553-4C59-A5C1-0E3940AA6109}.Debug|ARM.ActiveCfg = Debug|Any CPU
		{5CE1DBAD-2553-4C59-A5C1-0E3940AA6109}.Debug|ARM.Build.0 = Debug|Any CPU
		{5CE1DBAD-2553-4C59-A5C1-0E3940AA6109}.Debug|x64.ActiveCfg = Debug|Any CPU
		{5CE1DBAD-2553-4C59-A5C1-0E3940AA6109}.Debug|x64.Build.0 = Debug|Any CPU
		{5CE1DBAD-2553-4C59-A5C1-0E3940AA6109}.Debug|x86.ActiveCfg = Debug|Any CPU
		{5CE1DBAD-2553-4C59-A5C1-0E3940AA6109}.Debug|x86.Build.0 = Debug|Any CPU
		{5CE1DBAD-2553-4C59-A5C1-0E3940AA6109}.Release|Any CPU.ActiveCfg = Release|Any CPU
		{5CE1DBAD-2553-4C59-A5C1-0E3940AA6109}.Release|Any CPU.Build.0 = Release|Any CPU
		{5CE1DBAD-2553-4C59-A5C1-0E3940AA6109}.Release|ARM.ActiveCfg = Release|Any CPU
		{5CE1DBAD-2553-4C59-A5C1-0E3940AA6109}.Release|ARM.Build.0 = Release|Any CPU
		{5CE1DBAD-2553-4C59-A5C1-0E3940AA6109}.Release|x64.ActiveCfg = Release|Any CPU
		{5CE1DBAD-2553-4C59-A5C1-0E3940AA6109}.Release|x64.Build.0 = Release|Any CPU
		{5CE1DBAD-2553-4C59-A5C1-0E3940AA6109}.Release|x86.ActiveCfg = Release|Any CPU
		{5CE1DBAD-2553-4C59-A5C1-0E3940AA6109}.Release|x86.Build.0 = Release|Any CPU
		{76BC6A43-2B1C-4E05-A6BD-4668AE570970}.Debug|Any CPU.ActiveCfg = Debug|Any CPU
		{76BC6A43-2B1C-4E05-A6BD-4668AE570970}.Debug|Any CPU.Build.0 = Debug|Any CPU
		{76BC6A43-2B1C-4E05-A6BD-4668AE570970}.Debug|ARM.ActiveCfg = Debug|Any CPU
		{76BC6A43-2B1C-4E05-A6BD-4668AE570970}.Debug|ARM.Build.0 = Debug|Any CPU
		{76BC6A43-2B1C-4E05-A6BD-4668AE570970}.Debug|x64.ActiveCfg = Debug|Any CPU
		{76BC6A43-2B1C-4E05-A6BD-4668AE570970}.Debug|x64.Build.0 = Debug|Any CPU
		{76BC6A43-2B1C-4E05-A6BD-4668AE570970}.Debug|x86.ActiveCfg = Debug|Any CPU
		{76BC6A43-2B1C-4E05-A6BD-4668AE570970}.Debug|x86.Build.0 = Debug|Any CPU
		{76BC6A43-2B1C-4E05-A6BD-4668AE570970}.Release|Any CPU.ActiveCfg = Release|Any CPU
		{76BC6A43-2B1C-4E05-A6BD-4668AE570970}.Release|Any CPU.Build.0 = Release|Any CPU
		{76BC6A43-2B1C-4E05-A6BD-4668AE570970}.Release|ARM.ActiveCfg = Release|Any CPU
		{76BC6A43-2B1C-4E05-A6BD-4668AE570970}.Release|ARM.Build.0 = Release|Any CPU
		{76BC6A43-2B1C-4E05-A6BD-4668AE570970}.Release|x64.ActiveCfg = Release|Any CPU
		{76BC6A43-2B1C-4E05-A6BD-4668AE570970}.Release|x64.Build.0 = Release|Any CPU
		{76BC6A43-2B1C-4E05-A6BD-4668AE570970}.Release|x86.ActiveCfg = Release|Any CPU
		{76BC6A43-2B1C-4E05-A6BD-4668AE570970}.Release|x86.Build.0 = Release|Any CPU
		{CD690583-EA35-47A2-9937-82F90C77A8DF}.Debug|Any CPU.ActiveCfg = Debug|Any CPU
		{CD690583-EA35-47A2-9937-82F90C77A8DF}.Debug|Any CPU.Build.0 = Debug|Any CPU
		{CD690583-EA35-47A2-9937-82F90C77A8DF}.Debug|ARM.ActiveCfg = Debug|Any CPU
		{CD690583-EA35-47A2-9937-82F90C77A8DF}.Debug|ARM.Build.0 = Debug|Any CPU
		{CD690583-EA35-47A2-9937-82F90C77A8DF}.Debug|x64.ActiveCfg = Debug|Any CPU
		{CD690583-EA35-47A2-9937-82F90C77A8DF}.Debug|x64.Build.0 = Debug|Any CPU
		{CD690583-EA35-47A2-9937-82F90C77A8DF}.Debug|x86.ActiveCfg = Debug|Any CPU
		{CD690583-EA35-47A2-9937-82F90C77A8DF}.Debug|x86.Build.0 = Debug|Any CPU
		{CD690583-EA35-47A2-9937-82F90C77A8DF}.Release|Any CPU.ActiveCfg = Release|Any CPU
		{CD690583-EA35-47A2-9937-82F90C77A8DF}.Release|Any CPU.Build.0 = Release|Any CPU
		{CD690583-EA35-47A2-9937-82F90C77A8DF}.Release|ARM.ActiveCfg = Release|Any CPU
		{CD690583-EA35-47A2-9937-82F90C77A8DF}.Release|ARM.Build.0 = Release|Any CPU
		{CD690583-EA35-47A2-9937-82F90C77A8DF}.Release|x64.ActiveCfg = Release|Any CPU
		{CD690583-EA35-47A2-9937-82F90C77A8DF}.Release|x64.Build.0 = Release|Any CPU
		{CD690583-EA35-47A2-9937-82F90C77A8DF}.Release|x86.ActiveCfg = Release|Any CPU
		{CD690583-EA35-47A2-9937-82F90C77A8DF}.Release|x86.Build.0 = Release|Any CPU
		{090C2CB0-D535-431E-BE92-12AAD33E17B2}.Debug|Any CPU.ActiveCfg = Debug|Any CPU
		{090C2CB0-D535-431E-BE92-12AAD33E17B2}.Debug|Any CPU.Build.0 = Debug|Any CPU
		{090C2CB0-D535-431E-BE92-12AAD33E17B2}.Debug|ARM.ActiveCfg = Debug|Any CPU
		{090C2CB0-D535-431E-BE92-12AAD33E17B2}.Debug|ARM.Build.0 = Debug|Any CPU
		{090C2CB0-D535-431E-BE92-12AAD33E17B2}.Debug|x64.ActiveCfg = Debug|Any CPU
		{090C2CB0-D535-431E-BE92-12AAD33E17B2}.Debug|x64.Build.0 = Debug|Any CPU
		{090C2CB0-D535-431E-BE92-12AAD33E17B2}.Debug|x86.ActiveCfg = Debug|Any CPU
		{090C2CB0-D535-431E-BE92-12AAD33E17B2}.Debug|x86.Build.0 = Debug|Any CPU
		{090C2CB0-D535-431E-BE92-12AAD33E17B2}.Release|Any CPU.ActiveCfg = Release|Any CPU
		{090C2CB0-D535-431E-BE92-12AAD33E17B2}.Release|Any CPU.Build.0 = Release|Any CPU
		{090C2CB0-D535-431E-BE92-12AAD33E17B2}.Release|ARM.ActiveCfg = Release|Any CPU
		{090C2CB0-D535-431E-BE92-12AAD33E17B2}.Release|ARM.Build.0 = Release|Any CPU
		{090C2CB0-D535-431E-BE92-12AAD33E17B2}.Release|x64.ActiveCfg = Release|Any CPU
		{090C2CB0-D535-431E-BE92-12AAD33E17B2}.Release|x64.Build.0 = Release|Any CPU
		{090C2CB0-D535-431E-BE92-12AAD33E17B2}.Release|x86.ActiveCfg = Release|Any CPU
		{090C2CB0-D535-431E-BE92-12AAD33E17B2}.Release|x86.Build.0 = Release|Any CPU
		{AC1060D4-3E1A-40BE-89C4-4FBB54729CA3}.Debug|Any CPU.ActiveCfg = Debug|Any CPU
		{AC1060D4-3E1A-40BE-89C4-4FBB54729CA3}.Debug|Any CPU.Build.0 = Debug|Any CPU
		{AC1060D4-3E1A-40BE-89C4-4FBB54729CA3}.Debug|ARM.ActiveCfg = Debug|Any CPU
		{AC1060D4-3E1A-40BE-89C4-4FBB54729CA3}.Debug|ARM.Build.0 = Debug|Any CPU
		{AC1060D4-3E1A-40BE-89C4-4FBB54729CA3}.Debug|x64.ActiveCfg = Debug|Any CPU
		{AC1060D4-3E1A-40BE-89C4-4FBB54729CA3}.Debug|x64.Build.0 = Debug|Any CPU
		{AC1060D4-3E1A-40BE-89C4-4FBB54729CA3}.Debug|x86.ActiveCfg = Debug|Any CPU
		{AC1060D4-3E1A-40BE-89C4-4FBB54729CA3}.Debug|x86.Build.0 = Debug|Any CPU
		{AC1060D4-3E1A-40BE-89C4-4FBB54729CA3}.Release|Any CPU.ActiveCfg = Release|Any CPU
		{AC1060D4-3E1A-40BE-89C4-4FBB54729CA3}.Release|Any CPU.Build.0 = Release|Any CPU
		{AC1060D4-3E1A-40BE-89C4-4FBB54729CA3}.Release|ARM.ActiveCfg = Release|Any CPU
		{AC1060D4-3E1A-40BE-89C4-4FBB54729CA3}.Release|ARM.Build.0 = Release|Any CPU
		{AC1060D4-3E1A-40BE-89C4-4FBB54729CA3}.Release|x64.ActiveCfg = Release|Any CPU
		{AC1060D4-3E1A-40BE-89C4-4FBB54729CA3}.Release|x64.Build.0 = Release|Any CPU
		{AC1060D4-3E1A-40BE-89C4-4FBB54729CA3}.Release|x86.ActiveCfg = Release|Any CPU
		{AC1060D4-3E1A-40BE-89C4-4FBB54729CA3}.Release|x86.Build.0 = Release|Any CPU
		{CB5E1D9A-505F-47E7-9E52-5CC6C334CCEC}.Debug|Any CPU.ActiveCfg = Debug|Any CPU
		{CB5E1D9A-505F-47E7-9E52-5CC6C334CCEC}.Debug|Any CPU.Build.0 = Debug|Any CPU
		{CB5E1D9A-505F-47E7-9E52-5CC6C334CCEC}.Debug|ARM.ActiveCfg = Debug|Any CPU
		{CB5E1D9A-505F-47E7-9E52-5CC6C334CCEC}.Debug|ARM.Build.0 = Debug|Any CPU
		{CB5E1D9A-505F-47E7-9E52-5CC6C334CCEC}.Debug|x64.ActiveCfg = Debug|Any CPU
		{CB5E1D9A-505F-47E7-9E52-5CC6C334CCEC}.Debug|x64.Build.0 = Debug|Any CPU
		{CB5E1D9A-505F-47E7-9E52-5CC6C334CCEC}.Debug|x86.ActiveCfg = Debug|Any CPU
		{CB5E1D9A-505F-47E7-9E52-5CC6C334CCEC}.Debug|x86.Build.0 = Debug|Any CPU
		{CB5E1D9A-505F-47E7-9E52-5CC6C334CCEC}.Release|Any CPU.ActiveCfg = Release|Any CPU
		{CB5E1D9A-505F-47E7-9E52-5CC6C334CCEC}.Release|Any CPU.Build.0 = Release|Any CPU
		{CB5E1D9A-505F-47E7-9E52-5CC6C334CCEC}.Release|ARM.ActiveCfg = Release|Any CPU
		{CB5E1D9A-505F-47E7-9E52-5CC6C334CCEC}.Release|ARM.Build.0 = Release|Any CPU
		{CB5E1D9A-505F-47E7-9E52-5CC6C334CCEC}.Release|x64.ActiveCfg = Release|Any CPU
		{CB5E1D9A-505F-47E7-9E52-5CC6C334CCEC}.Release|x64.Build.0 = Release|Any CPU
		{CB5E1D9A-505F-47E7-9E52-5CC6C334CCEC}.Release|x86.ActiveCfg = Release|Any CPU
		{CB5E1D9A-505F-47E7-9E52-5CC6C334CCEC}.Release|x86.Build.0 = Release|Any CPU
		{1EFC26B1-7503-4D69-958D-A52F49F0BB23}.Debug|Any CPU.ActiveCfg = Debug|Any CPU
		{1EFC26B1-7503-4D69-958D-A52F49F0BB23}.Debug|Any CPU.Build.0 = Debug|Any CPU
		{1EFC26B1-7503-4D69-958D-A52F49F0BB23}.Debug|ARM.ActiveCfg = Debug|Any CPU
		{1EFC26B1-7503-4D69-958D-A52F49F0BB23}.Debug|ARM.Build.0 = Debug|Any CPU
		{1EFC26B1-7503-4D69-958D-A52F49F0BB23}.Debug|x64.ActiveCfg = Debug|Any CPU
		{1EFC26B1-7503-4D69-958D-A52F49F0BB23}.Debug|x64.Build.0 = Debug|Any CPU
		{1EFC26B1-7503-4D69-958D-A52F49F0BB23}.Debug|x86.ActiveCfg = Debug|Any CPU
		{1EFC26B1-7503-4D69-958D-A52F49F0BB23}.Debug|x86.Build.0 = Debug|Any CPU
		{1EFC26B1-7503-4D69-958D-A52F49F0BB23}.Release|Any CPU.ActiveCfg = Release|Any CPU
		{1EFC26B1-7503-4D69-958D-A52F49F0BB23}.Release|Any CPU.Build.0 = Release|Any CPU
		{1EFC26B1-7503-4D69-958D-A52F49F0BB23}.Release|ARM.ActiveCfg = Release|Any CPU
		{1EFC26B1-7503-4D69-958D-A52F49F0BB23}.Release|ARM.Build.0 = Release|Any CPU
		{1EFC26B1-7503-4D69-958D-A52F49F0BB23}.Release|x64.ActiveCfg = Release|Any CPU
		{1EFC26B1-7503-4D69-958D-A52F49F0BB23}.Release|x64.Build.0 = Release|Any CPU
		{1EFC26B1-7503-4D69-958D-A52F49F0BB23}.Release|x86.ActiveCfg = Release|Any CPU
		{1EFC26B1-7503-4D69-958D-A52F49F0BB23}.Release|x86.Build.0 = Release|Any CPU
		{E6D4F1FB-D017-4BE2-AD13-90153BF479B1}.Debug|Any CPU.ActiveCfg = Debug|Any CPU
		{E6D4F1FB-D017-4BE2-AD13-90153BF479B1}.Debug|Any CPU.Build.0 = Debug|Any CPU
		{E6D4F1FB-D017-4BE2-AD13-90153BF479B1}.Debug|ARM.ActiveCfg = Debug|Any CPU
		{E6D4F1FB-D017-4BE2-AD13-90153BF479B1}.Debug|ARM.Build.0 = Debug|Any CPU
		{E6D4F1FB-D017-4BE2-AD13-90153BF479B1}.Debug|x64.ActiveCfg = Debug|Any CPU
		{E6D4F1FB-D017-4BE2-AD13-90153BF479B1}.Debug|x64.Build.0 = Debug|Any CPU
		{E6D4F1FB-D017-4BE2-AD13-90153BF479B1}.Debug|x86.ActiveCfg = Debug|Any CPU
		{E6D4F1FB-D017-4BE2-AD13-90153BF479B1}.Debug|x86.Build.0 = Debug|Any CPU
		{E6D4F1FB-D017-4BE2-AD13-90153BF479B1}.Release|Any CPU.ActiveCfg = Release|Any CPU
		{E6D4F1FB-D017-4BE2-AD13-90153BF479B1}.Release|Any CPU.Build.0 = Release|Any CPU
		{E6D4F1FB-D017-4BE2-AD13-90153BF479B1}.Release|ARM.ActiveCfg = Release|Any CPU
		{E6D4F1FB-D017-4BE2-AD13-90153BF479B1}.Release|ARM.Build.0 = Release|Any CPU
		{E6D4F1FB-D017-4BE2-AD13-90153BF479B1}.Release|x64.ActiveCfg = Release|Any CPU
		{E6D4F1FB-D017-4BE2-AD13-90153BF479B1}.Release|x64.Build.0 = Release|Any CPU
		{E6D4F1FB-D017-4BE2-AD13-90153BF479B1}.Release|x86.ActiveCfg = Release|Any CPU
		{E6D4F1FB-D017-4BE2-AD13-90153BF479B1}.Release|x86.Build.0 = Release|Any CPU
		{DFF9110A-83B1-47E2-B3B4-D7CDC3D1D43A}.Debug|Any CPU.ActiveCfg = Debug|Any CPU
		{DFF9110A-83B1-47E2-B3B4-D7CDC3D1D43A}.Debug|Any CPU.Build.0 = Debug|Any CPU
		{DFF9110A-83B1-47E2-B3B4-D7CDC3D1D43A}.Debug|ARM.ActiveCfg = Debug|Any CPU
		{DFF9110A-83B1-47E2-B3B4-D7CDC3D1D43A}.Debug|ARM.Build.0 = Debug|Any CPU
		{DFF9110A-83B1-47E2-B3B4-D7CDC3D1D43A}.Debug|x64.ActiveCfg = Debug|Any CPU
		{DFF9110A-83B1-47E2-B3B4-D7CDC3D1D43A}.Debug|x64.Build.0 = Debug|Any CPU
		{DFF9110A-83B1-47E2-B3B4-D7CDC3D1D43A}.Debug|x86.ActiveCfg = Debug|Any CPU
		{DFF9110A-83B1-47E2-B3B4-D7CDC3D1D43A}.Debug|x86.Build.0 = Debug|Any CPU
		{DFF9110A-83B1-47E2-B3B4-D7CDC3D1D43A}.Release|Any CPU.ActiveCfg = Release|Any CPU
		{DFF9110A-83B1-47E2-B3B4-D7CDC3D1D43A}.Release|Any CPU.Build.0 = Release|Any CPU
		{DFF9110A-83B1-47E2-B3B4-D7CDC3D1D43A}.Release|ARM.ActiveCfg = Release|Any CPU
		{DFF9110A-83B1-47E2-B3B4-D7CDC3D1D43A}.Release|ARM.Build.0 = Release|Any CPU
		{DFF9110A-83B1-47E2-B3B4-D7CDC3D1D43A}.Release|x64.ActiveCfg = Release|Any CPU
		{DFF9110A-83B1-47E2-B3B4-D7CDC3D1D43A}.Release|x64.Build.0 = Release|Any CPU
		{DFF9110A-83B1-47E2-B3B4-D7CDC3D1D43A}.Release|x86.ActiveCfg = Release|Any CPU
		{DFF9110A-83B1-47E2-B3B4-D7CDC3D1D43A}.Release|x86.Build.0 = Release|Any CPU
		{05809BBC-45D5-4F3A-9BA7-4828CBC232ED}.Debug|Any CPU.ActiveCfg = Debug|Any CPU
		{05809BBC-45D5-4F3A-9BA7-4828CBC232ED}.Debug|Any CPU.Build.0 = Debug|Any CPU
		{05809BBC-45D5-4F3A-9BA7-4828CBC232ED}.Debug|ARM.ActiveCfg = Debug|Any CPU
		{05809BBC-45D5-4F3A-9BA7-4828CBC232ED}.Debug|ARM.Build.0 = Debug|Any CPU
		{05809BBC-45D5-4F3A-9BA7-4828CBC232ED}.Debug|x64.ActiveCfg = Debug|Any CPU
		{05809BBC-45D5-4F3A-9BA7-4828CBC232ED}.Debug|x64.Build.0 = Debug|Any CPU
		{05809BBC-45D5-4F3A-9BA7-4828CBC232ED}.Debug|x86.ActiveCfg = Debug|Any CPU
		{05809BBC-45D5-4F3A-9BA7-4828CBC232ED}.Debug|x86.Build.0 = Debug|Any CPU
		{05809BBC-45D5-4F3A-9BA7-4828CBC232ED}.Release|Any CPU.ActiveCfg = Release|Any CPU
		{05809BBC-45D5-4F3A-9BA7-4828CBC232ED}.Release|Any CPU.Build.0 = Release|Any CPU
		{05809BBC-45D5-4F3A-9BA7-4828CBC232ED}.Release|ARM.ActiveCfg = Release|Any CPU
		{05809BBC-45D5-4F3A-9BA7-4828CBC232ED}.Release|ARM.Build.0 = Release|Any CPU
		{05809BBC-45D5-4F3A-9BA7-4828CBC232ED}.Release|x64.ActiveCfg = Release|Any CPU
		{05809BBC-45D5-4F3A-9BA7-4828CBC232ED}.Release|x64.Build.0 = Release|Any CPU
		{05809BBC-45D5-4F3A-9BA7-4828CBC232ED}.Release|x86.ActiveCfg = Release|Any CPU
		{05809BBC-45D5-4F3A-9BA7-4828CBC232ED}.Release|x86.Build.0 = Release|Any CPU
		{4654BFE3-9C7A-4CC5-891E-92487D80739C}.Debug|Any CPU.ActiveCfg = Debug|Any CPU
		{4654BFE3-9C7A-4CC5-891E-92487D80739C}.Debug|Any CPU.Build.0 = Debug|Any CPU
		{4654BFE3-9C7A-4CC5-891E-92487D80739C}.Debug|ARM.ActiveCfg = Debug|Any CPU
		{4654BFE3-9C7A-4CC5-891E-92487D80739C}.Debug|ARM.Build.0 = Debug|Any CPU
		{4654BFE3-9C7A-4CC5-891E-92487D80739C}.Debug|x64.ActiveCfg = Debug|Any CPU
		{4654BFE3-9C7A-4CC5-891E-92487D80739C}.Debug|x64.Build.0 = Debug|Any CPU
		{4654BFE3-9C7A-4CC5-891E-92487D80739C}.Debug|x86.ActiveCfg = Debug|Any CPU
		{4654BFE3-9C7A-4CC5-891E-92487D80739C}.Debug|x86.Build.0 = Debug|Any CPU
		{4654BFE3-9C7A-4CC5-891E-92487D80739C}.Release|Any CPU.ActiveCfg = Release|Any CPU
		{4654BFE3-9C7A-4CC5-891E-92487D80739C}.Release|Any CPU.Build.0 = Release|Any CPU
		{4654BFE3-9C7A-4CC5-891E-92487D80739C}.Release|ARM.ActiveCfg = Release|Any CPU
		{4654BFE3-9C7A-4CC5-891E-92487D80739C}.Release|ARM.Build.0 = Release|Any CPU
		{4654BFE3-9C7A-4CC5-891E-92487D80739C}.Release|x64.ActiveCfg = Release|Any CPU
		{4654BFE3-9C7A-4CC5-891E-92487D80739C}.Release|x64.Build.0 = Release|Any CPU
		{4654BFE3-9C7A-4CC5-891E-92487D80739C}.Release|x86.ActiveCfg = Release|Any CPU
		{4654BFE3-9C7A-4CC5-891E-92487D80739C}.Release|x86.Build.0 = Release|Any CPU
		{9BEF3034-07FB-40EA-A1D3-AD89423715D6}.Debug|Any CPU.ActiveCfg = Debug|Any CPU
		{9BEF3034-07FB-40EA-A1D3-AD89423715D6}.Debug|Any CPU.Build.0 = Debug|Any CPU
		{9BEF3034-07FB-40EA-A1D3-AD89423715D6}.Debug|ARM.ActiveCfg = Debug|Any CPU
		{9BEF3034-07FB-40EA-A1D3-AD89423715D6}.Debug|ARM.Build.0 = Debug|Any CPU
		{9BEF3034-07FB-40EA-A1D3-AD89423715D6}.Debug|x64.ActiveCfg = Debug|Any CPU
		{9BEF3034-07FB-40EA-A1D3-AD89423715D6}.Debug|x64.Build.0 = Debug|Any CPU
		{9BEF3034-07FB-40EA-A1D3-AD89423715D6}.Debug|x86.ActiveCfg = Debug|Any CPU
		{9BEF3034-07FB-40EA-A1D3-AD89423715D6}.Debug|x86.Build.0 = Debug|Any CPU
		{9BEF3034-07FB-40EA-A1D3-AD89423715D6}.Release|Any CPU.ActiveCfg = Release|Any CPU
		{9BEF3034-07FB-40EA-A1D3-AD89423715D6}.Release|Any CPU.Build.0 = Release|Any CPU
		{9BEF3034-07FB-40EA-A1D3-AD89423715D6}.Release|ARM.ActiveCfg = Release|Any CPU
		{9BEF3034-07FB-40EA-A1D3-AD89423715D6}.Release|ARM.Build.0 = Release|Any CPU
		{9BEF3034-07FB-40EA-A1D3-AD89423715D6}.Release|x64.ActiveCfg = Release|Any CPU
		{9BEF3034-07FB-40EA-A1D3-AD89423715D6}.Release|x64.Build.0 = Release|Any CPU
		{9BEF3034-07FB-40EA-A1D3-AD89423715D6}.Release|x86.ActiveCfg = Release|Any CPU
		{9BEF3034-07FB-40EA-A1D3-AD89423715D6}.Release|x86.Build.0 = Release|Any CPU
		{8294E563-5CFD-45BE-B34B-7AEE1038F858}.Debug|Any CPU.ActiveCfg = Debug|Any CPU
		{8294E563-5CFD-45BE-B34B-7AEE1038F858}.Debug|Any CPU.Build.0 = Debug|Any CPU
		{8294E563-5CFD-45BE-B34B-7AEE1038F858}.Debug|ARM.ActiveCfg = Debug|Any CPU
		{8294E563-5CFD-45BE-B34B-7AEE1038F858}.Debug|ARM.Build.0 = Debug|Any CPU
		{8294E563-5CFD-45BE-B34B-7AEE1038F858}.Debug|x64.ActiveCfg = Debug|Any CPU
		{8294E563-5CFD-45BE-B34B-7AEE1038F858}.Debug|x64.Build.0 = Debug|Any CPU
		{8294E563-5CFD-45BE-B34B-7AEE1038F858}.Debug|x86.ActiveCfg = Debug|Any CPU
		{8294E563-5CFD-45BE-B34B-7AEE1038F858}.Debug|x86.Build.0 = Debug|Any CPU
		{8294E563-5CFD-45BE-B34B-7AEE1038F858}.Release|Any CPU.ActiveCfg = Release|Any CPU
		{8294E563-5CFD-45BE-B34B-7AEE1038F858}.Release|Any CPU.Build.0 = Release|Any CPU
		{8294E563-5CFD-45BE-B34B-7AEE1038F858}.Release|ARM.ActiveCfg = Release|Any CPU
		{8294E563-5CFD-45BE-B34B-7AEE1038F858}.Release|ARM.Build.0 = Release|Any CPU
		{8294E563-5CFD-45BE-B34B-7AEE1038F858}.Release|x64.ActiveCfg = Release|Any CPU
		{8294E563-5CFD-45BE-B34B-7AEE1038F858}.Release|x64.Build.0 = Release|Any CPU
		{8294E563-5CFD-45BE-B34B-7AEE1038F858}.Release|x86.ActiveCfg = Release|Any CPU
		{8294E563-5CFD-45BE-B34B-7AEE1038F858}.Release|x86.Build.0 = Release|Any CPU
		{3826EB17-93DC-4F03-99D0-F1263DFA9884}.Debug|Any CPU.ActiveCfg = Debug|Any CPU
		{3826EB17-93DC-4F03-99D0-F1263DFA9884}.Debug|Any CPU.Build.0 = Debug|Any CPU
		{3826EB17-93DC-4F03-99D0-F1263DFA9884}.Debug|ARM.ActiveCfg = Debug|Any CPU
		{3826EB17-93DC-4F03-99D0-F1263DFA9884}.Debug|ARM.Build.0 = Debug|Any CPU
		{3826EB17-93DC-4F03-99D0-F1263DFA9884}.Debug|x64.ActiveCfg = Debug|Any CPU
		{3826EB17-93DC-4F03-99D0-F1263DFA9884}.Debug|x64.Build.0 = Debug|Any CPU
		{3826EB17-93DC-4F03-99D0-F1263DFA9884}.Debug|x86.ActiveCfg = Debug|Any CPU
		{3826EB17-93DC-4F03-99D0-F1263DFA9884}.Debug|x86.Build.0 = Debug|Any CPU
		{3826EB17-93DC-4F03-99D0-F1263DFA9884}.Release|Any CPU.ActiveCfg = Release|Any CPU
		{3826EB17-93DC-4F03-99D0-F1263DFA9884}.Release|Any CPU.Build.0 = Release|Any CPU
		{3826EB17-93DC-4F03-99D0-F1263DFA9884}.Release|ARM.ActiveCfg = Release|Any CPU
		{3826EB17-93DC-4F03-99D0-F1263DFA9884}.Release|ARM.Build.0 = Release|Any CPU
		{3826EB17-93DC-4F03-99D0-F1263DFA9884}.Release|x64.ActiveCfg = Release|Any CPU
		{3826EB17-93DC-4F03-99D0-F1263DFA9884}.Release|x64.Build.0 = Release|Any CPU
		{3826EB17-93DC-4F03-99D0-F1263DFA9884}.Release|x86.ActiveCfg = Release|Any CPU
		{3826EB17-93DC-4F03-99D0-F1263DFA9884}.Release|x86.Build.0 = Release|Any CPU
		{DBDCD7C2-D8E7-4B38-B718-33937AB2DEAD}.Debug|Any CPU.ActiveCfg = Debug|Any CPU
		{DBDCD7C2-D8E7-4B38-B718-33937AB2DEAD}.Debug|Any CPU.Build.0 = Debug|Any CPU
		{DBDCD7C2-D8E7-4B38-B718-33937AB2DEAD}.Debug|ARM.ActiveCfg = Debug|Any CPU
		{DBDCD7C2-D8E7-4B38-B718-33937AB2DEAD}.Debug|ARM.Build.0 = Debug|Any CPU
		{DBDCD7C2-D8E7-4B38-B718-33937AB2DEAD}.Debug|x64.ActiveCfg = Debug|Any CPU
		{DBDCD7C2-D8E7-4B38-B718-33937AB2DEAD}.Debug|x64.Build.0 = Debug|Any CPU
		{DBDCD7C2-D8E7-4B38-B718-33937AB2DEAD}.Debug|x86.ActiveCfg = Debug|Any CPU
		{DBDCD7C2-D8E7-4B38-B718-33937AB2DEAD}.Debug|x86.Build.0 = Debug|Any CPU
		{DBDCD7C2-D8E7-4B38-B718-33937AB2DEAD}.Release|Any CPU.ActiveCfg = Release|Any CPU
		{DBDCD7C2-D8E7-4B38-B718-33937AB2DEAD}.Release|Any CPU.Build.0 = Release|Any CPU
		{DBDCD7C2-D8E7-4B38-B718-33937AB2DEAD}.Release|ARM.ActiveCfg = Release|Any CPU
		{DBDCD7C2-D8E7-4B38-B718-33937AB2DEAD}.Release|ARM.Build.0 = Release|Any CPU
		{DBDCD7C2-D8E7-4B38-B718-33937AB2DEAD}.Release|x64.ActiveCfg = Release|Any CPU
		{DBDCD7C2-D8E7-4B38-B718-33937AB2DEAD}.Release|x64.Build.0 = Release|Any CPU
		{DBDCD7C2-D8E7-4B38-B718-33937AB2DEAD}.Release|x86.ActiveCfg = Release|Any CPU
		{DBDCD7C2-D8E7-4B38-B718-33937AB2DEAD}.Release|x86.Build.0 = Release|Any CPU
		{6A30ACAA-CBEB-4713-8773-EC600154E8AE}.Debug|Any CPU.ActiveCfg = Debug|Any CPU
		{6A30ACAA-CBEB-4713-8773-EC600154E8AE}.Debug|Any CPU.Build.0 = Debug|Any CPU
		{6A30ACAA-CBEB-4713-8773-EC600154E8AE}.Debug|ARM.ActiveCfg = Debug|Any CPU
		{6A30ACAA-CBEB-4713-8773-EC600154E8AE}.Debug|ARM.Build.0 = Debug|Any CPU
		{6A30ACAA-CBEB-4713-8773-EC600154E8AE}.Debug|x64.ActiveCfg = Debug|Any CPU
		{6A30ACAA-CBEB-4713-8773-EC600154E8AE}.Debug|x64.Build.0 = Debug|Any CPU
		{6A30ACAA-CBEB-4713-8773-EC600154E8AE}.Debug|x86.ActiveCfg = Debug|Any CPU
		{6A30ACAA-CBEB-4713-8773-EC600154E8AE}.Debug|x86.Build.0 = Debug|Any CPU
		{6A30ACAA-CBEB-4713-8773-EC600154E8AE}.Release|Any CPU.ActiveCfg = Release|Any CPU
		{6A30ACAA-CBEB-4713-8773-EC600154E8AE}.Release|Any CPU.Build.0 = Release|Any CPU
		{6A30ACAA-CBEB-4713-8773-EC600154E8AE}.Release|ARM.ActiveCfg = Release|Any CPU
		{6A30ACAA-CBEB-4713-8773-EC600154E8AE}.Release|ARM.Build.0 = Release|Any CPU
		{6A30ACAA-CBEB-4713-8773-EC600154E8AE}.Release|x64.ActiveCfg = Release|Any CPU
		{6A30ACAA-CBEB-4713-8773-EC600154E8AE}.Release|x64.Build.0 = Release|Any CPU
		{6A30ACAA-CBEB-4713-8773-EC600154E8AE}.Release|x86.ActiveCfg = Release|Any CPU
		{6A30ACAA-CBEB-4713-8773-EC600154E8AE}.Release|x86.Build.0 = Release|Any CPU
		{59F5D562-11CA-43FA-A418-A80F4350F18B}.Debug|Any CPU.ActiveCfg = Debug|Any CPU
		{59F5D562-11CA-43FA-A418-A80F4350F18B}.Debug|Any CPU.Build.0 = Debug|Any CPU
		{59F5D562-11CA-43FA-A418-A80F4350F18B}.Debug|ARM.ActiveCfg = Debug|Any CPU
		{59F5D562-11CA-43FA-A418-A80F4350F18B}.Debug|ARM.Build.0 = Debug|Any CPU
		{59F5D562-11CA-43FA-A418-A80F4350F18B}.Debug|x64.ActiveCfg = Debug|Any CPU
		{59F5D562-11CA-43FA-A418-A80F4350F18B}.Debug|x64.Build.0 = Debug|Any CPU
		{59F5D562-11CA-43FA-A418-A80F4350F18B}.Debug|x86.ActiveCfg = Debug|Any CPU
		{59F5D562-11CA-43FA-A418-A80F4350F18B}.Debug|x86.Build.0 = Debug|Any CPU
		{59F5D562-11CA-43FA-A418-A80F4350F18B}.Release|Any CPU.ActiveCfg = Release|Any CPU
		{59F5D562-11CA-43FA-A418-A80F4350F18B}.Release|Any CPU.Build.0 = Release|Any CPU
		{59F5D562-11CA-43FA-A418-A80F4350F18B}.Release|ARM.ActiveCfg = Release|Any CPU
		{59F5D562-11CA-43FA-A418-A80F4350F18B}.Release|ARM.Build.0 = Release|Any CPU
		{59F5D562-11CA-43FA-A418-A80F4350F18B}.Release|x64.ActiveCfg = Release|Any CPU
		{59F5D562-11CA-43FA-A418-A80F4350F18B}.Release|x64.Build.0 = Release|Any CPU
		{59F5D562-11CA-43FA-A418-A80F4350F18B}.Release|x86.ActiveCfg = Release|Any CPU
		{59F5D562-11CA-43FA-A418-A80F4350F18B}.Release|x86.Build.0 = Release|Any CPU
	EndGlobalSection
	GlobalSection(SolutionProperties) = preSolution
		HideSolutionNode = FALSE
	EndGlobalSection
	GlobalSection(NestedProjects) = preSolution
		{5CE1DBAD-2553-4C59-A5C1-0E3940AA6109} = {4BE947FB-99B1-4945-A131-0037DF5EC671}
		{76BC6A43-2B1C-4E05-A6BD-4668AE570970} = {4BE947FB-99B1-4945-A131-0037DF5EC671}
		{CD690583-EA35-47A2-9937-82F90C77A8DF} = {FE99670C-9968-4FAD-B6F9-95234696614C}
		{090C2CB0-D535-431E-BE92-12AAD33E17B2} = {FE99670C-9968-4FAD-B6F9-95234696614C}
		{AC1060D4-3E1A-40BE-89C4-4FBB54729CA3} = {F3D05849-8996-405A-BB38-5C41A16E4C1A}
		{CB5E1D9A-505F-47E7-9E52-5CC6C334CCEC} = {3FE35BE1-659A-4FE9-8AF1-B827CF6A6F19}
		{E6D4F1FB-D017-4BE2-AD13-90153BF479B1} = {4BE947FB-99B1-4945-A131-0037DF5EC671}
		{DFF9110A-83B1-47E2-B3B4-D7CDC3D1D43A} = {E24760FF-AE5E-4E83-8A9B-C6B53EEEEDD1}
		{05809BBC-45D5-4F3A-9BA7-4828CBC232ED} = {E24760FF-AE5E-4E83-8A9B-C6B53EEEEDD1}
		{4654BFE3-9C7A-4CC5-891E-92487D80739C} = {E24760FF-AE5E-4E83-8A9B-C6B53EEEEDD1}
		{9BEF3034-07FB-40EA-A1D3-AD89423715D6} = {4BE947FB-99B1-4945-A131-0037DF5EC671}
		{8294E563-5CFD-45BE-B34B-7AEE1038F858} = {4BE947FB-99B1-4945-A131-0037DF5EC671}
		{3826EB17-93DC-4F03-99D0-F1263DFA9884} = {4BE947FB-99B1-4945-A131-0037DF5EC671}
		{DBDCD7C2-D8E7-4B38-B718-33937AB2DEAD} = {4BE947FB-99B1-4945-A131-0037DF5EC671}
		{59F5D562-11CA-43FA-A418-A80F4350F18B} = {78866771-60FB-4900-8CDA-475186A26DB2}
	EndGlobalSection
EndGlobal
